
Microsoft Visual Studio Solution File, Format Version 12.00
# Visual Studio Version 16
VisualStudioVersion = 16.0.31112.23
MinimumVisualStudioVersion = 10.0.40219.1
Project("{9A19103F-16F7-4668-BE54-9A1E7A4F7556}") = "WebApplication1", "WebApplication1\WebApplication1.csproj", "{80F80C9B-4572-45F8-B577-AFB4CB98CAB0}"
EndProject
Project("{E53339B2-1760-4266-BCC7-CA923CBCF16C}") = "docker-compose", "docker-compose.dcproj", "{55EDAC8B-7DDD-4A64-8EEF-8A5C945B47DD}"
EndProject
Global
	GlobalSection(SolutionConfigurationPlatforms) = preSolution
		Debug|Any CPU = Debug|Any CPU
		Release|Any CPU = Release|Any CPU
	EndGlobalSection
	GlobalSection(ProjectConfigurationPlatforms) = postSolution
		{80F80C9B-4572-45F8-B577-AFB4CB98CAB0}.Debug|Any CPU.ActiveCfg = Debug|Any CPU
		{80F80C9B-4572-45F8-B577-AFB4CB98CAB0}.Debug|Any CPU.Build.0 = Debug|Any CPU
		{80F80C9B-4572-45F8-B577-AFB4CB98CAB0}.Release|Any CPU.ActiveCfg = Release|Any CPU
		{80F80C9B-4572-45F8-B577-AFB4CB98CAB0}.Release|Any CPU.Build.0 = Release|Any CPU
		{55EDAC8B-7DDD-4A64-8EEF-8A5C945B47DD}.Debug|Any CPU.ActiveCfg = Debug|Any CPU
		{55EDAC8B-7DDD-4A64-8EEF-8A5C945B47DD}.Debug|Any CPU.Build.0 = Debug|Any CPU
		{55EDAC8B-7DDD-4A64-8EEF-8A5C945B47DD}.Release|Any CPU.ActiveCfg = Release|Any CPU
		{55EDAC8B-7DDD-4A64-8EEF-8A5C945B47DD}.Release|Any CPU.Build.0 = Release|Any CPU
	EndGlobalSection
	GlobalSection(SolutionProperties) = preSolution
		HideSolutionNode = FALSE
	EndGlobalSection
	GlobalSection(ExtensibilityGlobals) = postSolution
		SolutionGuid = {3B347E3F-3ECF-4518-BD13-33CB3DE73DF8}
	EndGlobalSection
EndGlobal
